
Microsoft Visual Studio Solution File, Format Version 12.00
# Visual Studio 15
VisualStudioVersion = 15.0.26228.10
MinimumVisualStudioVersion = 10.0.40219.1
Project("{FAE04EC0-301F-11D3-BF4B-00C04F79EFBC}") = "ESchool.API", "src\ESchool.API\ESchool.API.csproj", "{5AC5D40A-33A5-454D-AA20-281EF2CC9F88}"
EndProject
Project("{FAE04EC0-301F-11D3-BF4B-00C04F79EFBC}") = "ESchool.Data", "src\ESchool.Data\ESchool.Data.csproj", "{410020DA-7EDE-4C57-8F5E-DDCD59CFA38E}"
EndProject
Project("{2150E333-8FDC-42A3-9474-1A3956D46DE8}") = "libs", "libs", "{ADE67B98-ED72-41ED-9796-40F9B8E699AF}"
EndProject
Project("{FAE04EC0-301F-11D3-BF4B-00C04F79EFBC}") = "ESchool.Domain", "src\ESchool.Domain\ESchool.Domain.csproj", "{96FBC3D7-501A-4953-A435-BDB8F5C4C304}"
EndProject
Project("{FAE04EC0-301F-11D3-BF4B-00C04F79EFBC}") = "ESchool.Services", "src\ESchool.Services\ESchool.Services.csproj", "{548E73FE-92D7-4F48-B43A-9DF42C14ACD0}"
EndProject
Project("{FAE04EC0-301F-11D3-BF4B-00C04F79EFBC}") = "ESchool.Admin", "src\ESchool.Admin\ESchool.Admin.csproj", "{3A4CE4C4-CE69-46D0-A17A-A21BAB2CCCE2}"
EndProject
Global
	GlobalSection(SolutionConfigurationPlatforms) = preSolution
		Debug|Any CPU = Debug|Any CPU
		Release|Any CPU = Release|Any CPU
	EndGlobalSection
	GlobalSection(ProjectConfigurationPlatforms) = postSolution
		{5AC5D40A-33A5-454D-AA20-281EF2CC9F88}.Debug|Any CPU.ActiveCfg = Debug|Any CPU
		{5AC5D40A-33A5-454D-AA20-281EF2CC9F88}.Debug|Any CPU.Build.0 = Debug|Any CPU
		{5AC5D40A-33A5-454D-AA20-281EF2CC9F88}.Release|Any CPU.ActiveCfg = Release|Any CPU
		{5AC5D40A-33A5-454D-AA20-281EF2CC9F88}.Release|Any CPU.Build.0 = Release|Any CPU
		{410020DA-7EDE-4C57-8F5E-DDCD59CFA38E}.Debug|Any CPU.ActiveCfg = Debug|Any CPU
		{410020DA-7EDE-4C57-8F5E-DDCD59CFA38E}.Debug|Any CPU.Build.0 = Debug|Any CPU
		{410020DA-7EDE-4C57-8F5E-DDCD59CFA38E}.Release|Any CPU.ActiveCfg = Release|Any CPU
		{410020DA-7EDE-4C57-8F5E-DDCD59CFA38E}.Release|Any CPU.Build.0 = Release|Any CPU
		{96FBC3D7-501A-4953-A435-BDB8F5C4C304}.Debug|Any CPU.ActiveCfg = Debug|Any CPU
		{96FBC3D7-501A-4953-A435-BDB8F5C4C304}.Debug|Any CPU.Build.0 = Debug|Any CPU
		{96FBC3D7-501A-4953-A435-BDB8F5C4C304}.Release|Any CPU.ActiveCfg = Release|Any CPU
		{96FBC3D7-501A-4953-A435-BDB8F5C4C304}.Release|Any CPU.Build.0 = Release|Any CPU
		{548E73FE-92D7-4F48-B43A-9DF42C14ACD0}.Debug|Any CPU.ActiveCfg = Debug|Any CPU
		{548E73FE-92D7-4F48-B43A-9DF42C14ACD0}.Debug|Any CPU.Build.0 = Debug|Any CPU
		{548E73FE-92D7-4F48-B43A-9DF42C14ACD0}.Release|Any CPU.ActiveCfg = Release|Any CPU
		{548E73FE-92D7-4F48-B43A-9DF42C14ACD0}.Release|Any CPU.Build.0 = Release|Any CPU
		{3A4CE4C4-CE69-46D0-A17A-A21BAB2CCCE2}.Debug|Any CPU.ActiveCfg = Debug|Any CPU
		{3A4CE4C4-CE69-46D0-A17A-A21BAB2CCCE2}.Debug|Any CPU.Build.0 = Debug|Any CPU
		{3A4CE4C4-CE69-46D0-A17A-A21BAB2CCCE2}.Release|Any CPU.ActiveCfg = Release|Any CPU
		{3A4CE4C4-CE69-46D0-A17A-A21BAB2CCCE2}.Release|Any CPU.Build.0 = Release|Any CPU
	EndGlobalSection
	GlobalSection(SolutionProperties) = preSolution
		HideSolutionNode = FALSE
	EndGlobalSection
	GlobalSection(NestedProjects) = preSolution
		{410020DA-7EDE-4C57-8F5E-DDCD59CFA38E} = {ADE67B98-ED72-41ED-9796-40F9B8E699AF}
		{96FBC3D7-501A-4953-A435-BDB8F5C4C304} = {ADE67B98-ED72-41ED-9796-40F9B8E699AF}
		{548E73FE-92D7-4F48-B43A-9DF42C14ACD0} = {ADE67B98-ED72-41ED-9796-40F9B8E699AF}
	EndGlobalSection
EndGlobal
